// !$*UTF8*$!
{
	archiveVersion = 1;
	classes = {
	};
	objectVersion = 55;
	objects = {

/* Begin PBXBuildFile section */
		B3B2F73C27DFBB7600ECBE10 /* Tests_DemoApp.swift in Sources */ = {isa = PBXBuildFile; fileRef = B3B2F73B27DFBB7600ECBE10 /* Tests_DemoApp.swift */; };
		B3B2F73E27DFBB7600ECBE10 /* ContentView.swift in Sources */ = {isa = PBXBuildFile; fileRef = B3B2F73D27DFBB7600ECBE10 /* ContentView.swift */; };
		B3B2F74027DFBB7900ECBE10 /* Assets.xcassets in Resources */ = {isa = PBXBuildFile; fileRef = B3B2F73F27DFBB7900ECBE10 /* Assets.xcassets */; };
		B3B2F74327DFBB7900ECBE10 /* Preview Assets.xcassets in Resources */ = {isa = PBXBuildFile; fileRef = B3B2F74227DFBB7900ECBE10 /* Preview Assets.xcassets */; };
		B3B2F74D27DFBB7900ECBE10 /* Tests_DemoTests.swift in Sources */ = {isa = PBXBuildFile; fileRef = B3B2F74C27DFBB7900ECBE10 /* Tests_DemoTests.swift */; };
		B3B2F75727DFBB7900ECBE10 /* Tests_DemoUITests.swift in Sources */ = {isa = PBXBuildFile; fileRef = B3B2F75627DFBB7900ECBE10 /* Tests_DemoUITests.swift */; };
		B3B2F75927DFBB7900ECBE10 /* Tests_DemoUITestsLaunchTests.swift in Sources */ = {isa = PBXBuildFile; fileRef = B3B2F75827DFBB7900ECBE10 /* Tests_DemoUITestsLaunchTests.swift */; };
/* End PBXBuildFile section */

/* Begin PBXContainerItemProxy section */
		B3B2F74927DFBB7900ECBE10 /* PBXContainerItemProxy */ = {
			isa = PBXContainerItemProxy;
			containerPortal = B3B2F73027DFBB7600ECBE10 /* Project object */;
			proxyType = 1;
			remoteGlobalIDString = B3B2F73727DFBB7600ECBE10;
			remoteInfo = "Tests Demo";
		};
		B3B2F75327DFBB7900ECBE10 /* PBXContainerItemProxy */ = {
			isa = PBXContainerItemProxy;
			containerPortal = B3B2F73027DFBB7600ECBE10 /* Project object */;
			proxyType = 1;
			remoteGlobalIDString = B3B2F73727DFBB7600ECBE10;
			remoteInfo = "Tests Demo";
		};
/* End PBXContainerItemProxy section */

/* Begin PBXFileReference section */
		B3B2F73827DFBB7600ECBE10 /* Tests Demo.app */ = {isa = PBXFileReference; explicitFileType = wrapper.application; includeInIndex = 0; path = "Tests Demo.app"; sourceTree = BUILT_PRODUCTS_DIR; };
		B3B2F73B27DFBB7600ECBE10 /* Tests_DemoApp.swift */ = {isa = PBXFileReference; lastKnownFileType = sourcecode.swift; path = Tests_DemoApp.swift; sourceTree = "<group>"; };
		B3B2F73D27DFBB7600ECBE10 /* ContentView.swift */ = {isa = PBXFileReference; lastKnownFileType = sourcecode.swift; path = ContentView.swift; sourceTree = "<group>"; };
		B3B2F73F27DFBB7900ECBE10 /* Assets.xcassets */ = {isa = PBXFileReference; lastKnownFileType = folder.assetcatalog; path = Assets.xcassets; sourceTree = "<group>"; };
		B3B2F74227DFBB7900ECBE10 /* Preview Assets.xcassets */ = {isa = PBXFileReference; lastKnownFileType = folder.assetcatalog; path = "Preview Assets.xcassets"; sourceTree = "<group>"; };
		B3B2F74827DFBB7900ECBE10 /* Tests DemoTests.xctest */ = {isa = PBXFileReference; explicitFileType = wrapper.cfbundle; includeInIndex = 0; path = "Tests DemoTests.xctest"; sourceTree = BUILT_PRODUCTS_DIR; };
		B3B2F74C27DFBB7900ECBE10 /* Tests_DemoTests.swift */ = {isa = PBXFileReference; lastKnownFileType = sourcecode.swift; path = Tests_DemoTests.swift; sourceTree = "<group>"; };
		B3B2F75227DFBB7900ECBE10 /* Tests DemoUITests.xctest */ = {isa = PBXFileReference; explicitFileType = wrapper.cfbundle; includeInIndex = 0; path = "Tests DemoUITests.xctest"; sourceTree = BUILT_PRODUCTS_DIR; };
		B3B2F75627DFBB7900ECBE10 /* Tests_DemoUITests.swift */ = {isa = PBXFileReference; lastKnownFileType = sourcecode.swift; path = Tests_DemoUITests.swift; sourceTree = "<group>"; };
		B3B2F75827DFBB7900ECBE10 /* Tests_DemoUITestsLaunchTests.swift */ = {isa = PBXFileReference; lastKnownFileType = sourcecode.swift; path = Tests_DemoUITestsLaunchTests.swift; sourceTree = "<group>"; };
/* End PBXFileReference section */

/* Begin PBXFrameworksBuildPhase section */
		B3B2F73527DFBB7600ECBE10 /* Frameworks */ = {
			isa = PBXFrameworksBuildPhase;
			buildActionMask = 2147483647;
			files = (
			);
			runOnlyForDeploymentPostprocessing = 0;
		};
		B3B2F74527DFBB7900ECBE10 /* Frameworks */ = {
			isa = PBXFrameworksBuildPhase;
			buildActionMask = 2147483647;
			files = (
			);
			runOnlyForDeploymentPostprocessing = 0;
		};
		B3B2F74F27DFBB7900ECBE10 /* Frameworks */ = {
			isa = PBXFrameworksBuildPhase;
			buildActionMask = 2147483647;
			files = (
			);
			runOnlyForDeploymentPostprocessing = 0;
		};
/* End PBXFrameworksBuildPhase section */

/* Begin PBXGroup section */
		B3B2F72F27DFBB7600ECBE10 = {
			isa = PBXGroup;
			children = (
				B3B2F73A27DFBB7600ECBE10 /* Tests Demo */,
				B3B2F74B27DFBB7900ECBE10 /* Tests DemoTests */,
				B3B2F75527DFBB7900ECBE10 /* Tests DemoUITests */,
				B3B2F73927DFBB7600ECBE10 /* Products */,
			);
			sourceTree = "<group>";
		};
		B3B2F73927DFBB7600ECBE10 /* Products */ = {
			isa = PBXGroup;
			children = (
				B3B2F73827DFBB7600ECBE10 /* Tests Demo.app */,
				B3B2F74827DFBB7900ECBE10 /* Tests DemoTests.xctest */,
				B3B2F75227DFBB7900ECBE10 /* Tests DemoUITests.xctest */,
			);
			name = Products;
			sourceTree = "<group>";
		};
		B3B2F73A27DFBB7600ECBE10 /* Tests Demo */ = {
			isa = PBXGroup;
			children = (
				B3B2F73B27DFBB7600ECBE10 /* Tests_DemoApp.swift */,
				B3B2F73D27DFBB7600ECBE10 /* ContentView.swift */,
				B3B2F73F27DFBB7900ECBE10 /* Assets.xcassets */,
				B3B2F74127DFBB7900ECBE10 /* Preview Content */,
			);
			path = "Tests Demo";
			sourceTree = "<group>";
		};
		B3B2F74127DFBB7900ECBE10 /* Preview Content */ = {
			isa = PBXGroup;
			children = (
				B3B2F74227DFBB7900ECBE10 /* Preview Assets.xcassets */,
			);
			path = "Preview Content";
			sourceTree = "<group>";
		};
		B3B2F74B27DFBB7900ECBE10 /* Tests DemoTests */ = {
			isa = PBXGroup;
			children = (
				B3B2F74C27DFBB7900ECBE10 /* Tests_DemoTests.swift */,
			);
			path = "Tests DemoTests";
			sourceTree = "<group>";
		};
		B3B2F75527DFBB7900ECBE10 /* Tests DemoUITests */ = {
			isa = PBXGroup;
			children = (
				B3B2F75627DFBB7900ECBE10 /* Tests_DemoUITests.swift */,
				B3B2F75827DFBB7900ECBE10 /* Tests_DemoUITestsLaunchTests.swift */,
			);
			path = "Tests DemoUITests";
			sourceTree = "<group>";
		};
/* End PBXGroup section */

/* Begin PBXNativeTarget section */
		B3B2F73727DFBB7600ECBE10 /* Tests Demo */ = {
			isa = PBXNativeTarget;
			buildConfigurationList = B3B2F75C27DFBB7900ECBE10 /* Build configuration list for PBXNativeTarget "Tests Demo" */;
			buildPhases = (
				B3B2F73427DFBB7600ECBE10 /* Sources */,
				B3B2F73527DFBB7600ECBE10 /* Frameworks */,
				B3B2F73627DFBB7600ECBE10 /* Resources */,
			);
			buildRules = (
			);
			dependencies = (
			);
			name = "Tests Demo";
			productName = "Tests Demo";
			productReference = B3B2F73827DFBB7600ECBE10 /* Tests Demo.app */;
			productType = "com.apple.product-type.application";
		};
		B3B2F74727DFBB7900ECBE10 /* Tests DemoTests */ = {
			isa = PBXNativeTarget;
			buildConfigurationList = B3B2F75F27DFBB7900ECBE10 /* Build configuration list for PBXNativeTarget "Tests DemoTests" */;
			buildPhases = (
				B3B2F74427DFBB7900ECBE10 /* Sources */,
				B3B2F74527DFBB7900ECBE10 /* Frameworks */,
				B3B2F74627DFBB7900ECBE10 /* Resources */,
			);
			buildRules = (
			);
			dependencies = (
				B3B2F74A27DFBB7900ECBE10 /* PBXTargetDependency */,
			);
			name = "Tests DemoTests";
			productName = "Tests DemoTests";
			productReference = B3B2F74827DFBB7900ECBE10 /* Tests DemoTests.xctest */;
			productType = "com.apple.product-type.bundle.unit-test";
		};
		B3B2F75127DFBB7900ECBE10 /* Tests DemoUITests */ = {
			isa = PBXNativeTarget;
			buildConfigurationList = B3B2F76227DFBB7900ECBE10 /* Build configuration list for PBXNativeTarget "Tests DemoUITests" */;
			buildPhases = (
				B3B2F74E27DFBB7900ECBE10 /* Sources */,
				B3B2F74F27DFBB7900ECBE10 /* Frameworks */,
				B3B2F75027DFBB7900ECBE10 /* Resources */,
			);
			buildRules = (
			);
			dependencies = (
				B3B2F75427DFBB7900ECBE10 /* PBXTargetDependency */,
			);
			name = "Tests DemoUITests";
			productName = "Tests DemoUITests";
			productReference = B3B2F75227DFBB7900ECBE10 /* Tests DemoUITests.xctest */;
			productType = "com.apple.product-type.bundle.ui-testing";
		};
/* End PBXNativeTarget section */

/* Begin PBXProject section */
		B3B2F73027DFBB7600ECBE10 /* Project object */ = {
			isa = PBXProject;
			attributes = {
				BuildIndependentTargetsInParallel = 1;
				LastSwiftUpdateCheck = 1320;
				LastUpgradeCheck = 1320;
				TargetAttributes = {
					B3B2F73727DFBB7600ECBE10 = {
						CreatedOnToolsVersion = 13.2.1;
					};
					B3B2F74727DFBB7900ECBE10 = {
						CreatedOnToolsVersion = 13.2.1;
						TestTargetID = B3B2F73727DFBB7600ECBE10;
					};
					B3B2F75127DFBB7900ECBE10 = {
						CreatedOnToolsVersion = 13.2.1;
						TestTargetID = B3B2F73727DFBB7600ECBE10;
					};
				};
			};
			buildConfigurationList = B3B2F73327DFBB7600ECBE10 /* Build configuration list for PBXProject "Tests Demo" */;
			compatibilityVersion = "Xcode 13.0";
			developmentRegion = en;
			hasScannedForEncodings = 0;
			knownRegions = (
				en,
				Base,
			);
			mainGroup = B3B2F72F27DFBB7600ECBE10;
			productRefGroup = B3B2F73927DFBB7600ECBE10 /* Products */;
			projectDirPath = "";
			projectRoot = "";
			targets = (
				B3B2F73727DFBB7600ECBE10 /* Tests Demo */,
				B3B2F74727DFBB7900ECBE10 /* Tests DemoTests */,
				B3B2F75127DFBB7900ECBE10 /* Tests DemoUITests */,
			);
		};
/* End PBXProject section */

/* Begin PBXResourcesBuildPhase section */
		B3B2F73627DFBB7600ECBE10 /* Resources */ = {
			isa = PBXResourcesBuildPhase;
			buildActionMask = 2147483647;
			files = (
				B3B2F74327DFBB7900ECBE10 /* Preview Assets.xcassets in Resources */,
				B3B2F74027DFBB7900ECBE10 /* Assets.xcassets in Resources */,
			);
			runOnlyForDeploymentPostprocessing = 0;
		};
		B3B2F74627DFBB7900ECBE10 /* Resources */ = {
			isa = PBXResourcesBuildPhase;
			buildActionMask = 2147483647;
			files = (
			);
			runOnlyForDeploymentPostprocessing = 0;
		};
		B3B2F75027DFBB7900ECBE10 /* Resources */ = {
			isa = PBXResourcesBuildPhase;
			buildActionMask = 2147483647;
			files = (
			);
			runOnlyForDeploymentPostprocessing = 0;
		};
/* End PBXResourcesBuildPhase section */

/* Begin PBXSourcesBuildPhase section */
		B3B2F73427DFBB7600ECBE10 /* Sources */ = {
			isa = PBXSourcesBuildPhase;
			buildActionMask = 2147483647;
			files = (
				B3B2F73E27DFBB7600ECBE10 /* ContentView.swift in Sources */,
				B3B2F73C27DFBB7600ECBE10 /* Tests_DemoApp.swift in Sources */,
			);
			runOnlyForDeploymentPostprocessing = 0;
		};
		B3B2F74427DFBB7900ECBE10 /* Sources */ = {
			isa = PBXSourcesBuildPhase;
			buildActionMask = 2147483647;
			files = (
				B3B2F74D27DFBB7900ECBE10 /* Tests_DemoTests.swift in Sources */,
			);
			runOnlyForDeploymentPostprocessing = 0;
		};
		B3B2F74E27DFBB7900ECBE10 /* Sources */ = {
			isa = PBXSourcesBuildPhase;
			buildActionMask = 2147483647;
			files = (
				B3B2F75727DFBB7900ECBE10 /* Tests_DemoUITests.swift in Sources */,
				B3B2F75927DFBB7900ECBE10 /* Tests_DemoUITestsLaunchTests.swift in Sources */,
			);
			runOnlyForDeploymentPostprocessing = 0;
		};
/* End PBXSourcesBuildPhase section */

/* Begin PBXTargetDependency section */
		B3B2F74A27DFBB7900ECBE10 /* PBXTargetDependency */ = {
			isa = PBXTargetDependency;
			target = B3B2F73727DFBB7600ECBE10 /* Tests Demo */;
			targetProxy = B3B2F74927DFBB7900ECBE10 /* PBXContainerItemProxy */;
		};
		B3B2F75427DFBB7900ECBE10 /* PBXTargetDependency */ = {
			isa = PBXTargetDependency;
			target = B3B2F73727DFBB7600ECBE10 /* Tests Demo */;
			targetProxy = B3B2F75327DFBB7900ECBE10 /* PBXContainerItemProxy */;
		};
/* End PBXTargetDependency section */

/* Begin XCBuildConfiguration section */
		B3B2F75A27DFBB7900ECBE10 /* Debug */ = {
			isa = XCBuildConfiguration;
			buildSettings = {
				ALWAYS_SEARCH_USER_PATHS = NO;
				CLANG_ANALYZER_NONNULL = YES;
				CLANG_ANALYZER_NUMBER_OBJECT_CONVERSION = YES_AGGRESSIVE;
				CLANG_CXX_LANGUAGE_STANDARD = "gnu++17";
				CLANG_CXX_LIBRARY = "libc++";
				CLANG_ENABLE_MODULES = YES;
				CLANG_ENABLE_OBJC_ARC = YES;
				CLANG_ENABLE_OBJC_WEAK = YES;
				CLANG_WARN_BLOCK_CAPTURE_AUTORELEASING = YES;
				CLANG_WARN_BOOL_CONVERSION = YES;
				CLANG_WARN_COMMA = YES;
				CLANG_WARN_CONSTANT_CONVERSION = YES;
				CLANG_WARN_DEPRECATED_OBJC_IMPLEMENTATIONS = YES;
				CLANG_WARN_DIRECT_OBJC_ISA_USAGE = YES_ERROR;
				CLANG_WARN_DOCUMENTATION_COMMENTS = YES;
				CLANG_WARN_EMPTY_BODY = YES;
				CLANG_WARN_ENUM_CONVERSION = YES;
				CLANG_WARN_INFINITE_RECURSION = YES;
				CLANG_WARN_INT_CONVERSION = YES;
				CLANG_WARN_NON_LITERAL_NULL_CONVERSION = YES;
				CLANG_WARN_OBJC_IMPLICIT_RETAIN_SELF = YES;
				CLANG_WARN_OBJC_LITERAL_CONVERSION = YES;
				CLANG_WARN_OBJC_ROOT_CLASS = YES_ERROR;
				CLANG_WARN_QUOTED_INCLUDE_IN_FRAMEWORK_HEADER = YES;
				CLANG_WARN_RANGE_LOOP_ANALYSIS = YES;
				CLANG_WARN_STRICT_PROTOTYPES = YES;
				CLANG_WARN_SUSPICIOUS_MOVE = YES;
				CLANG_WARN_UNGUARDED_AVAILABILITY = YES_AGGRESSIVE;
				CLANG_WARN_UNREACHABLE_CODE = YES;
				CLANG_WARN__DUPLICATE_METHOD_MATCH = YES;
				COPY_PHASE_STRIP = NO;
				DEBUG_INFORMATION_FORMAT = dwarf;
				ENABLE_STRICT_OBJC_MSGSEND = YES;
				ENABLE_TESTABILITY = YES;
				GCC_C_LANGUAGE_STANDARD = gnu11;
				GCC_DYNAMIC_NO_PIC = NO;
				GCC_NO_COMMON_BLOCKS = YES;
				GCC_OPTIMIZATION_LEVEL = 0;
				GCC_PREPROCESSOR_DEFINITIONS = (
					"DEBUG=1",
					"$(inherited)",
				);
				GCC_WARN_64_TO_32_BIT_CONVERSION = YES;
				GCC_WARN_ABOUT_RETURN_TYPE = YES_ERROR;
				GCC_WARN_UNDECLARED_SELECTOR = YES;
				GCC_WARN_UNINITIALIZED_AUTOS = YES_AGGRESSIVE;
				GCC_WARN_UNUSED_FUNCTION = YES;
				GCC_WARN_UNUSED_VARIABLE = YES;
				IPHONEOS_DEPLOYMENT_TARGET = 15.2;
				MTL_ENABLE_DEBUG_INFO = INCLUDE_SOURCE;
				MTL_FAST_MATH = YES;
				ONLY_ACTIVE_ARCH = YES;
				SDKROOT = iphoneos;
				SWIFT_ACTIVE_COMPILATION_CONDITIONS = DEBUG;
				SWIFT_OPTIMIZATION_LEVEL = "-Onone";
			};
			name = Debug;
		};
		B3B2F75B27DFBB7900ECBE10 /* Release */ = {
			isa = XCBuildConfiguration;
			buildSettings = {
				ALWAYS_SEARCH_USER_PATHS = NO;
				CLANG_ANALYZER_NONNULL = YES;
				CLANG_ANALYZER_NUMBER_OBJECT_CONVERSION = YES_AGGRESSIVE;
				CLANG_CXX_LANGUAGE_STANDARD = "gnu++17";
				CLANG_CXX_LIBRARY = "libc++";
				CLANG_ENABLE_MODULES = YES;
				CLANG_ENABLE_OBJC_ARC = YES;
				CLANG_ENABLE_OBJC_WEAK = YES;
				CLANG_WARN_BLOCK_CAPTURE_AUTORELEASING = YES;
				CLANG_WARN_BOOL_CONVERSION = YES;
				CLANG_WARN_COMMA = YES;
				CLANG_WARN_CONSTANT_CONVERSION = YES;
				CLANG_WARN_DEPRECATED_OBJC_IMPLEMENTATIONS = YES;
				CLANG_WARN_DIRECT_OBJC_ISA_USAGE = YES_ERROR;
				CLANG_WARN_DOCUMENTATION_COMMENTS = YES;
				CLANG_WARN_EMPTY_BODY = YES;
				CLANG_WARN_ENUM_CONVERSION = YES;
				CLANG_WARN_INFINITE_RECURSION = YES;
				CLANG_WARN_INT_CONVERSION = YES;
				CLANG_WARN_NON_LITERAL_NULL_CONVERSION = YES;
				CLANG_WARN_OBJC_IMPLICIT_RETAIN_SELF = YES;
				CLANG_WARN_OBJC_LITERAL_CONVERSION = YES;
				CLANG_WARN_OBJC_ROOT_CLASS = YES_ERROR;
				CLANG_WARN_QUOTED_INCLUDE_IN_FRAMEWORK_HEADER = YES;
				CLANG_WARN_RANGE_LOOP_ANALYSIS = YES;
				CLANG_WARN_STRICT_PROTOTYPES = YES;
				CLANG_WARN_SUSPICIOUS_MOVE = YES;
				CLANG_WARN_UNGUARDED_AVAILABILITY = YES_AGGRESSIVE;
				CLANG_WARN_UNREACHABLE_CODE = YES;
				CLANG_WARN__DUPLICATE_METHOD_MATCH = YES;
				COPY_PHASE_STRIP = NO;
				DEBUG_INFORMATION_FORMAT = "dwarf-with-dsym";
				ENABLE_NS_ASSERTIONS = NO;
				ENABLE_STRICT_OBJC_MSGSEND = YES;
				GCC_C_LANGUAGE_STANDARD = gnu11;
				GCC_NO_COMMON_BLOCKS = YES;
				GCC_WARN_64_TO_32_BIT_CONVERSION = YES;
				GCC_WARN_ABOUT_RETURN_TYPE = YES_ERROR;
				GCC_WARN_UNDECLARED_SELECTOR = YES;
				GCC_WARN_UNINITIALIZED_AUTOS = YES_AGGRESSIVE;
				GCC_WARN_UNUSED_FUNCTION = YES;
				GCC_WARN_UNUSED_VARIABLE = YES;
				IPHONEOS_DEPLOYMENT_TARGET = 15.2;
				MTL_ENABLE_DEBUG_INFO = NO;
				MTL_FAST_MATH = YES;
				SDKROOT = iphoneos;
				SWIFT_COMPILATION_MODE = wholemodule;
				SWIFT_OPTIMIZATION_LEVEL = "-O";
				VALIDATE_PRODUCT = YES;
			};
			name = Release;
		};
		B3B2F75D27DFBB7900ECBE10 /* Debug */ = {
			isa = XCBuildConfiguration;
			buildSettings = {
				ASSETCATALOG_COMPILER_APPICON_NAME = AppIcon;
				ASSETCATALOG_COMPILER_GLOBAL_ACCENT_COLOR_NAME = AccentColor;
				CODE_SIGN_STYLE = Automatic;
				CURRENT_PROJECT_VERSION = 1;
				DEVELOPMENT_ASSET_PATHS = "\"Tests Demo/Preview Content\"";
				DEVELOPMENT_TEAM = 334VYUXU36;
				ENABLE_PREVIEWS = YES;
				GENERATE_INFOPLIST_FILE = YES;
				INFOPLIST_KEY_UIApplicationSceneManifest_Generation = YES;
				INFOPLIST_KEY_UIApplicationSupportsIndirectInputEvents = YES;
				INFOPLIST_KEY_UILaunchScreen_Generation = YES;
				INFOPLIST_KEY_UISupportedInterfaceOrientations_iPad = "UIInterfaceOrientationPortrait UIInterfaceOrientationPortraitUpsideDown UIInterfaceOrientationLandscapeLeft UIInterfaceOrientationLandscapeRight";
				INFOPLIST_KEY_UISupportedInterfaceOrientations_iPhone = "UIInterfaceOrientationPortrait UIInterfaceOrientationLandscapeLeft UIInterfaceOrientationLandscapeRight";
				LD_RUNPATH_SEARCH_PATHS = (
					"$(inherited)",
					"@executable_path/Frameworks",
				);
				MARKETING_VERSION = 1.0;
				PRODUCT_BUNDLE_IDENTIFIER = "com.StevePlavetzky.Tests-Demo";
				PRODUCT_NAME = "$(TARGET_NAME)";
				SWIFT_EMIT_LOC_STRINGS = YES;
				SWIFT_VERSION = 5.0;
				TARGETED_DEVICE_FAMILY = "1,2";
			};
			name = Debug;
		};
		B3B2F75E27DFBB7900ECBE10 /* Release */ = {
			isa = XCBuildConfiguration;
			buildSettings = {
				ASSETCATALOG_COMPILER_APPICON_NAME = AppIcon;
				ASSETCATALOG_COMPILER_GLOBAL_ACCENT_COLOR_NAME = AccentColor;
				CODE_SIGN_STYLE = Automatic;
				CURRENT_PROJECT_VERSION = 1;
				DEVELOPMENT_ASSET_PATHS = "\"Tests Demo/Preview Content\"";
				DEVELOPMENT_TEAM = 334VYUXU36;
				ENABLE_PREVIEWS = YES;
				GENERATE_INFOPLIST_FILE = YES;
				INFOPLIST_KEY_UIApplicationSceneManifest_Generation = YES;
				INFOPLIST_KEY_UIApplicationSupportsIndirectInputEvents = YES;
				INFOPLIST_KEY_UILaunchScreen_Generation = YES;
				INFOPLIST_KEY_UISupportedInterfaceOrientations_iPad = "UIInterfaceOrientationPortrait UIInterfaceOrientationPortraitUpsideDown UIInterfaceOrientationLandscapeLeft UIInterfaceOrientationLandscapeRight";
				INFOPLIST_KEY_UISupportedInterfaceOrientations_iPhone = "UIInterfaceOrientationPortrait UIInterfaceOrientationLandscapeLeft UIInterfaceOrientationLandscapeRight";
				LD_RUNPATH_SEARCH_PATHS = (
					"$(inherited)",
					"@executable_path/Frameworks",
				);
				MARKETING_VERSION = 1.0;
				PRODUCT_BUNDLE_IDENTIFIER = "com.StevePlavetzky.Tests-Demo";
				PRODUCT_NAME = "$(TARGET_NAME)";
				SWIFT_EMIT_LOC_STRINGS = YES;
				SWIFT_VERSION = 5.0;
				TARGETED_DEVICE_FAMILY = "1,2";
			};
			name = Release;
		};
		B3B2F76027DFBB7900ECBE10 /* Debug */ = {
			isa = XCBuildConfiguration;
			buildSettings = {
				ALWAYS_EMBED_SWIFT_STANDARD_LIBRARIES = YES;
				BUNDLE_LOADER = "$(TEST_HOST)";
				CODE_SIGN_STYLE = Automatic;
				CURRENT_PROJECT_VERSION = 1;
				DEVELOPMENT_TEAM = 334VYUXU36;
				GENERATE_INFOPLIST_FILE = YES;
				IPHONEOS_DEPLOYMENT_TARGET = 15.2;
				MARKETING_VERSION = 1.0;
				PRODUCT_BUNDLE_IDENTIFIER = "com.StevePlavetzky.Tests-DemoTests";
				PRODUCT_NAME = "$(TARGET_NAME)";
				SWIFT_EMIT_LOC_STRINGS = NO;
				SWIFT_VERSION = 5.0;
				TARGETED_DEVICE_FAMILY = "1,2";
				TEST_HOST = "$(BUILT_PRODUCTS_DIR)/Tests Demo.app/Tests Demo";
			};
			name = Debug;
		};
		B3B2F76127DFBB7900ECBE10 /* Release */ = {
			isa = XCBuildConfiguration;
			buildSettings = {
				ALWAYS_EMBED_SWIFT_STANDARD_LIBRARIES = YES;
				BUNDLE_LOADER = "$(TEST_HOST)";
				CODE_SIGN_STYLE = Automatic;
				CURRENT_PROJECT_VERSION = 1;
				DEVELOPMENT_TEAM = 334VYUXU36;
				GENERATE_INFOPLIST_FILE = YES;
				IPHONEOS_DEPLOYMENT_TARGET = 15.2;
				MARKETING_VERSION = 1.0;
				PRODUCT_BUNDLE_IDENTIFIER = "com.StevePlavetzky.Tests-DemoTests";
				PRODUCT_NAME = "$(TARGET_NAME)";
				SWIFT_EMIT_LOC_STRINGS = NO;
				SWIFT_VERSION = 5.0;
				TARGETED_DEVICE_FAMILY = "1,2";
				TEST_HOST = "$(BUILT_PRODUCTS_DIR)/Tests Demo.app/Tests Demo";
			};
			name = Release;
		};
		B3B2F76327DFBB7900ECBE10 /* Debug */ = {
			isa = XCBuildConfiguration;
			buildSettings = {
				ALWAYS_EMBED_SWIFT_STANDARD_LIBRARIES = YES;
				CODE_SIGN_STYLE = Automatic;
				CURRENT_PROJECT_VERSION = 1;
				DEVELOPMENT_TEAM = 334VYUXU36;
				GENERATE_INFOPLIST_FILE = YES;
				MARKETING_VERSION = 1.0;
				PRODUCT_BUNDLE_IDENTIFIER = "com.StevePlavetzky.Tests-DemoUITests";
				PRODUCT_NAME = "$(TARGET_NAME)";
				SWIFT_EMIT_LOC_STRINGS = NO;
				SWIFT_VERSION = 5.0;
				TARGETED_DEVICE_FAMILY = "1,2";
				TEST_TARGET_NAME = "Tests Demo";
			};
			name = Debug;
		};
		B3B2F76427DFBB7900ECBE10 /* Release */ = {
			isa = XCBuildConfiguration;
			buildSettings = {
				ALWAYS_EMBED_SWIFT_STANDARD_LIBRARIES = YES;
				CODE_SIGN_STYLE = Automatic;
				CURRENT_PROJECT_VERSION = 1;
				DEVELOPMENT_TEAM = 334VYUXU36;
				GENERATE_INFOPLIST_FILE = YES;
				MARKETING_VERSION = 1.0;
				PRODUCT_BUNDLE_IDENTIFIER = "com.StevePlavetzky.Tests-DemoUITests";
				PRODUCT_NAME = "$(TARGET_NAME)";
				SWIFT_EMIT_LOC_STRINGS = NO;
				SWIFT_VERSION = 5.0;
				TARGETED_DEVICE_FAMILY = "1,2";
				TEST_TARGET_NAME = "Tests Demo";
			};
			name = Release;
		};
/* End XCBuildConfiguration section */

/* Begin XCConfigurationList section */
		B3B2F73327DFBB7600ECBE10 /* Build configuration list for PBXProject "Tests Demo" */ = {
			isa = XCConfigurationList;
			buildConfigurations = (
				B3B2F75A27DFBB7900ECBE10 /* Debug */,
				B3B2F75B27DFBB7900ECBE10 /* Release */,
			);
			defaultConfigurationIsVisible = 0;
			defaultConfigurationName = Release;
		};
		B3B2F75C27DFBB7900ECBE10 /* Build configuration list for PBXNativeTarget "Tests Demo" */ = {
			isa = XCConfigurationList;
			buildConfigurations = (
				B3B2F75D27DFBB7900ECBE10 /* Debug */,
				B3B2F75E27DFBB7900ECBE10 /* Release */,
			);
			defaultConfigurationIsVisible = 0;
			defaultConfigurationName = Release;
		};
		B3B2F75F27DFBB7900ECBE10 /* Build configuration list for PBXNativeTarget "Tests DemoTests" */ = {
			isa = XCConfigurationList;
			buildConfigurations = (
				B3B2F76027DFBB7900ECBE10 /* Debug */,
				B3B2F76127DFBB7900ECBE10 /* Release */,
			);
			defaultConfigurationIsVisible = 0;
			defaultConfigurationName = Release;
		};
		B3B2F76227DFBB7900ECBE10 /* Build configuration list for PBXNativeTarget "Tests DemoUITests" */ = {
			isa = XCConfigurationList;
			buildConfigurations = (
				B3B2F76327DFBB7900ECBE10 /* Debug */,
				B3B2F76427DFBB7900ECBE10 /* Release */,
			);
			defaultConfigurationIsVisible = 0;
			defaultConfigurationName = Release;
		};
/* End XCConfigurationList section */
	};
	rootObject = B3B2F73027DFBB7600ECBE10 /* Project object */;
}
